
Microsoft Visual Studio Solution File, Format Version 12.00
# Visual Studio 15
VisualStudioVersion = 15.0.28010.2050
MinimumVisualStudioVersion = 10.0.40219.1
Project("{888888A0-9F3D-457C-B088-3A5042F75D52}") = "python", "python.pyproj", "{1F40E4B5-9C14-4CB9-AFE7-9881D08F5540}"
EndProject
Global
	GlobalSection(SolutionConfigurationPlatforms) = preSolution
		Debug|Any CPU = Debug|Any CPU
		Release|Any CPU = Release|Any CPU
	EndGlobalSection
	GlobalSection(ProjectConfigurationPlatforms) = postSolution
		{1F40E4B5-9C14-4CB9-AFE7-9881D08F5540}.Debug|Any CPU.ActiveCfg = Debug|Any CPU
		{1F40E4B5-9C14-4CB9-AFE7-9881D08F5540}.Release|Any CPU.ActiveCfg = Release|Any CPU
	EndGlobalSection
	GlobalSection(SolutionProperties) = preSolution
		HideSolutionNode = FALSE
	EndGlobalSection
	GlobalSection(ExtensibilityGlobals) = postSolution
		SolutionGuid = {6B816FE1-B9B6-4CF4-B4CB-8FAC7A465F9D}
	EndGlobalSection
EndGlobal
